
Microsoft Visual Studio Solution File, Format Version 12.00
# Visual Studio 15
VisualStudioVersion = 15.0.28010.2041
MinimumVisualStudioVersion = 10.0.40219.1
Project("{FAE04EC0-301F-11D3-BF4B-00C04F79EFBC}") = "GraMonolitycznie", "GraMonolitycznie\GraMonolitycznie.csproj", "{ACEC80F5-132D-4D79-A408-CC2B6815F93C}"
EndProject
Global
	GlobalSection(SolutionConfigurationPlatforms) = preSolution
		Debug|Any CPU = Debug|Any CPU
		Release|Any CPU = Release|Any CPU
	EndGlobalSection
	GlobalSection(ProjectConfigurationPlatforms) = postSolution
		{ACEC80F5-132D-4D79-A408-CC2B6815F93C}.Debug|Any CPU.ActiveCfg = Debug|Any CPU
		{ACEC80F5-132D-4D79-A408-CC2B6815F93C}.Debug|Any CPU.Build.0 = Debug|Any CPU
		{ACEC80F5-132D-4D79-A408-CC2B6815F93C}.Release|Any CPU.ActiveCfg = Release|Any CPU
		{ACEC80F5-132D-4D79-A408-CC2B6815F93C}.Release|Any CPU.Build.0 = Release|Any CPU
	EndGlobalSection
	GlobalSection(SolutionProperties) = preSolution
		HideSolutionNode = FALSE
	EndGlobalSection
	GlobalSection(ExtensibilityGlobals) = postSolution
		SolutionGuid = {08F60AA1-AFFB-424F-A1BA-34620F3D8C2A}
	EndGlobalSection
EndGlobal
